
Microsoft Visual Studio Solution File, Format Version 12.00
# Visual Studio Version 16
VisualStudioVersion = 16.0.31613.86
MinimumVisualStudioVersion = 10.0.40219.1
Project("{FAE04EC0-301F-11D3-BF4B-00C04F79EFBC}") = "Backup", "Backup.csproj", "{AC02C759-2B63-45C1-950A-66FD06498C5F}"
EndProject
Global
	GlobalSection(SolutionConfigurationPlatforms) = preSolution
		Debug|Any CPU = Debug|Any CPU
		Release|Any CPU = Release|Any CPU
	EndGlobalSection
	GlobalSection(ProjectConfigurationPlatforms) = postSolution
		{AC02C759-2B63-45C1-950A-66FD06498C5F}.Debug|Any CPU.ActiveCfg = Debug|Any CPU
		{AC02C759-2B63-45C1-950A-66FD06498C5F}.Debug|Any CPU.Build.0 = Debug|Any CPU
		{AC02C759-2B63-45C1-950A-66FD06498C5F}.Release|Any CPU.ActiveCfg = Release|Any CPU
		{AC02C759-2B63-45C1-950A-66FD06498C5F}.Release|Any CPU.Build.0 = Release|Any CPU
	EndGlobalSection
	GlobalSection(SolutionProperties) = preSolution
		HideSolutionNode = FALSE
	EndGlobalSection
	GlobalSection(ExtensibilityGlobals) = postSolution
		SolutionGuid = {1545B084-D701-49D8-88A6-1EB461CD003B}
	EndGlobalSection
EndGlobal
